
Microsoft Visual Studio Solution File, Format Version 11.00
# Visual Studio 2010
Project("{FAE04EC0-301F-11D3-BF4B-00C04F79EFBC}") = "Assembly-CSharp", "Assembly-CSharp.csproj", "{8196f373-a36f-9cf1-c611-fffdef6add1d}"
EndProject
Project("{FAE04EC0-301F-11D3-BF4B-00C04F79EFBC}") = "Assembly-CSharp-Editor", "Assembly-CSharp-Editor.csproj", "{081f3fd1-567d-aef4-b9ea-2b9271d6fb00}"
EndProject
Global
	GlobalSection(SolutionConfigurationPlatforms) = preSolution
		Debug|Any CPU = Debug|Any CPU
	EndGlobalSection
	GlobalSection(ProjectConfigurationPlatforms) = postSolution
		{8196f373-a36f-9cf1-c611-fffdef6add1d}.Debug|Any CPU.ActiveCfg = Debug|Any CPU
		{8196f373-a36f-9cf1-c611-fffdef6add1d}.Debug|Any CPU.Build.0 = Debug|Any CPU
		{081f3fd1-567d-aef4-b9ea-2b9271d6fb00}.Debug|Any CPU.ActiveCfg = Debug|Any CPU
		{081f3fd1-567d-aef4-b9ea-2b9271d6fb00}.Debug|Any CPU.Build.0 = Debug|Any CPU
	EndGlobalSection
	GlobalSection(SolutionProperties) = preSolution
		HideSolutionNode = FALSE
	EndGlobalSection
EndGlobal
