
Microsoft Visual Studio Solution File, Format Version 11.00
# Visual Studio 2010
Project("{FAE04EC0-301F-11D3-BF4B-00C04F79EFBC}") = "Assembly-CSharp", "Assembly-CSharp.csproj", "{4424361b-d88d-bcf8-02da-b1f5e822da8c}"
EndProject
Project("{FAE04EC0-301F-11D3-BF4B-00C04F79EFBC}") = "NavMeshComponents", "NavMeshComponents.csproj", "{211e071e-7b42-a66c-053a-7d831c1ddf36}"
EndProject
Project("{FAE04EC0-301F-11D3-BF4B-00C04F79EFBC}") = "NavMeshComponentsEditor", "NavMeshComponentsEditor.csproj", "{c5fdd2f9-0deb-eba3-218e-d194cbf02194}"
EndProject
Project("{FAE04EC0-301F-11D3-BF4B-00C04F79EFBC}") = "Assembly-CSharp-Editor", "Assembly-CSharp-Editor.csproj", "{71600029-84f2-c583-9fee-a5daa5c3198d}"
EndProject
Global
	GlobalSection(SolutionConfigurationPlatforms) = preSolution
		Debug|Any CPU = Debug|Any CPU
	EndGlobalSection
	GlobalSection(ProjectConfigurationPlatforms) = postSolution
		{4424361b-d88d-bcf8-02da-b1f5e822da8c}.Debug|Any CPU.ActiveCfg = Debug|Any CPU
		{4424361b-d88d-bcf8-02da-b1f5e822da8c}.Debug|Any CPU.Build.0 = Debug|Any CPU
		{211e071e-7b42-a66c-053a-7d831c1ddf36}.Debug|Any CPU.ActiveCfg = Debug|Any CPU
		{211e071e-7b42-a66c-053a-7d831c1ddf36}.Debug|Any CPU.Build.0 = Debug|Any CPU
		{c5fdd2f9-0deb-eba3-218e-d194cbf02194}.Debug|Any CPU.ActiveCfg = Debug|Any CPU
		{c5fdd2f9-0deb-eba3-218e-d194cbf02194}.Debug|Any CPU.Build.0 = Debug|Any CPU
		{71600029-84f2-c583-9fee-a5daa5c3198d}.Debug|Any CPU.ActiveCfg = Debug|Any CPU
		{71600029-84f2-c583-9fee-a5daa5c3198d}.Debug|Any CPU.Build.0 = Debug|Any CPU
	EndGlobalSection
	GlobalSection(SolutionProperties) = preSolution
		HideSolutionNode = FALSE
	EndGlobalSection
EndGlobal
